
Microsoft Visual Studio Solution File, Format Version 12.00
# Visual Studio Version 17
VisualStudioVersion = 17.0.31903.59
MinimumVisualStudioVersion = 10.0.40219.1
Project("{2150E333-8FDC-42A3-9474-1A3956D46DE8}") = "src", "src", "{827E0CD3-B72D-47B6-A68D-7590B98EB39B}"
EndProject
Project("{FAE04EC0-301F-11D3-BF4B-00C04F79EFBC}") = "App", "src\App\App.csproj", "{B70EF8FC-714B-4D12-9621-1013C925B566}"
EndProject
Project("{FAE04EC0-301F-11D3-BF4B-00C04F79EFBC}") = "App.Tests", "tests\App.Tests\App.Tests.csproj", "{0880E897-E921-4E19-BCEC-7F3FC1D20CF1}"
EndProject
Global
	GlobalSection(SolutionConfigurationPlatforms) = preSolution
		Debug|Any CPU = Debug|Any CPU
		Debug|x64 = Debug|x64
		Debug|x86 = Debug|x86
		Release|Any CPU = Release|Any CPU
		Release|x64 = Release|x64
		Release|x86 = Release|x86
	EndGlobalSection
	GlobalSection(ProjectConfigurationPlatforms) = postSolution
		{B70EF8FC-714B-4D12-9621-1013C925B566}.Debug|Any CPU.ActiveCfg = Debug|Any CPU
		{B70EF8FC-714B-4D12-9621-1013C925B566}.Debug|Any CPU.Build.0 = Debug|Any CPU
		{B70EF8FC-714B-4D12-9621-1013C925B566}.Debug|x64.ActiveCfg = Debug|Any CPU
		{B70EF8FC-714B-4D12-9621-1013C925B566}.Debug|x64.Build.0 = Debug|Any CPU
		{B70EF8FC-714B-4D12-9621-1013C925B566}.Debug|x86.ActiveCfg = Debug|Any CPU
		{B70EF8FC-714B-4D12-9621-1013C925B566}.Debug|x86.Build.0 = Debug|Any CPU
		{B70EF8FC-714B-4D12-9621-1013C925B566}.Release|Any CPU.ActiveCfg = Release|Any CPU
		{B70EF8FC-714B-4D12-9621-1013C925B566}.Release|Any CPU.Build.0 = Release|Any CPU
		{B70EF8FC-714B-4D12-9621-1013C925B566}.Release|x64.ActiveCfg = Release|Any CPU
		{B70EF8FC-714B-4D12-9621-1013C925B566}.Release|x64.Build.0 = Release|Any CPU
		{B70EF8FC-714B-4D12-9621-1013C925B566}.Release|x86.ActiveCfg = Release|Any CPU
		{B70EF8FC-714B-4D12-9621-1013C925B566}.Release|x86.Build.0 = Release|Any CPU
		{0880E897-E921-4E19-BCEC-7F3FC1D20CF1}.Debug|Any CPU.ActiveCfg = Debug|Any CPU
		{0880E897-E921-4E19-BCEC-7F3FC1D20CF1}.Debug|Any CPU.Build.0 = Debug|Any CPU
		{0880E897-E921-4E19-BCEC-7F3FC1D20CF1}.Debug|x64.ActiveCfg = Debug|Any CPU
		{0880E897-E921-4E19-BCEC-7F3FC1D20CF1}.Debug|x64.Build.0 = Debug|Any CPU
		{0880E897-E921-4E19-BCEC-7F3FC1D20CF1}.Debug|x86.ActiveCfg = Debug|Any CPU
		{0880E897-E921-4E19-BCEC-7F3FC1D20CF1}.Debug|x86.Build.0 = Debug|Any CPU
		{0880E897-E921-4E19-BCEC-7F3FC1D20CF1}.Release|Any CPU.ActiveCfg = Release|Any CPU
		{0880E897-E921-4E19-BCEC-7F3FC1D20CF1}.Release|Any CPU.Build.0 = Release|Any CPU
		{0880E897-E921-4E19-BCEC-7F3FC1D20CF1}.Release|x64.ActiveCfg = Release|Any CPU
		{0880E897-E921-4E19-BCEC-7F3FC1D20CF1}.Release|x64.Build.0 = Release|Any CPU
		{0880E897-E921-4E19-BCEC-7F3FC1D20CF1}.Release|x86.ActiveCfg = Release|Any CPU
		{0880E897-E921-4E19-BCEC-7F3FC1D20CF1}.Release|x86.Build.0 = Release|Any CPU
	EndGlobalSection
	GlobalSection(SolutionProperties) = preSolution
		HideSolutionNode = FALSE
	EndGlobalSection
	GlobalSection(NestedProjects) = preSolution
		{B70EF8FC-714B-4D12-9621-1013C925B566} = {827E0CD3-B72D-47B6-A68D-7590B98EB39B}
		{0880E897-E921-4E19-BCEC-7F3FC1D20CF1} = {827E0CD3-B72D-47B6-A68D-7590B98EB39B}
	EndGlobalSection
EndGlobal
